// !$*UTF8*$!
{
	archiveVersion = 1;
	classes = {
	};
	objectVersion = 50;
	objects = {

/* Begin PBXBuildFile section */
		6C2A497123D4BBA60063D46A /* AppDelegate.swift in Sources */ = {isa = PBXBuildFile; fileRef = 6C2A497023D4BBA60063D46A /* AppDelegate.swift */; };
		6C2A497323D4BBA60063D46A /* SceneDelegate.swift in Sources */ = {isa = PBXBuildFile; fileRef = 6C2A497223D4BBA60063D46A /* SceneDelegate.swift */; };
		6C2A497523D4BBA60063D46A /* ViewController.swift in Sources */ = {isa = PBXBuildFile; fileRef = 6C2A497423D4BBA60063D46A /* ViewController.swift */; };
		6C2A497823D4BBA60063D46A /* Main.storyboard in Resources */ = {isa = PBXBuildFile; fileRef = 6C2A497623D4BBA60063D46A /* Main.storyboard */; };
		6C2A497A23D4BBAB0063D46A /* Assets.xcassets in Resources */ = {isa = PBXBuildFile; fileRef = 6C2A497923D4BBAB0063D46A /* Assets.xcassets */; };
		6C2A497D23D4BBAB0063D46A /* LaunchScreen.storyboard in Resources */ = {isa = PBXBuildFile; fileRef = 6C2A497B23D4BBAB0063D46A /* LaunchScreen.storyboard */; };
/* End PBXBuildFile section */

/* Begin PBXFileReference section */
		6C2A496D23D4BBA60063D46A /* air_pollution.app */ = {isa = PBXFileReference; explicitFileType = wrapper.application; includeInIndex = 0; path = air_pollution.app; sourceTree = BUILT_PRODUCTS_DIR; };
		6C2A497023D4BBA60063D46A /* AppDelegate.swift */ = {isa = PBXFileReference; lastKnownFileType = sourcecode.swift; path = AppDelegate.swift; sourceTree = "<group>"; };
		6C2A497223D4BBA60063D46A /* SceneDelegate.swift */ = {isa = PBXFileReference; lastKnownFileType = sourcecode.swift; path = SceneDelegate.swift; sourceTree = "<group>"; };
		6C2A497423D4BBA60063D46A /* ViewController.swift */ = {isa = PBXFileReference; lastKnownFileType = sourcecode.swift; path = ViewController.swift; sourceTree = "<group>"; };
		6C2A497723D4BBA60063D46A /* Base */ = {isa = PBXFileReference; lastKnownFileType = file.storyboard; name = Base; path = Base.lproj/Main.storyboard; sourceTree = "<group>"; };
		6C2A497923D4BBAB0063D46A /* Assets.xcassets */ = {isa = PBXFileReference; lastKnownFileType = folder.assetcatalog; path = Assets.xcassets; sourceTree = "<group>"; };
		6C2A497C23D4BBAB0063D46A /* Base */ = {isa = PBXFileReference; lastKnownFileType = file.storyboard; name = Base; path = Base.lproj/LaunchScreen.storyboard; sourceTree = "<group>"; };
		6C2A497E23D4BBAB0063D46A /* Info.plist */ = {isa = PBXFileReference; lastKnownFileType = text.plist.xml; path = Info.plist; sourceTree = "<group>"; };
/* End PBXFileReference section */

/* Begin PBXFrameworksBuildPhase section */
		6C2A496A23D4BBA60063D46A /* Frameworks */ = {
			isa = PBXFrameworksBuildPhase;
			buildActionMask = 2147483647;
			files = (
			);
			runOnlyForDeploymentPostprocessing = 0;
		};
/* End PBXFrameworksBuildPhase section */

/* Begin PBXGroup section */
		6C2A496423D4BBA60063D46A = {
			isa = PBXGroup;
			children = (
				6C2A496F23D4BBA60063D46A /* air_pollution */,
				6C2A496E23D4BBA60063D46A /* Products */,
			);
			sourceTree = "<group>";
		};
		6C2A496E23D4BBA60063D46A /* Products */ = {
			isa = PBXGroup;
			children = (
				6C2A496D23D4BBA60063D46A /* air_pollution.app */,
			);
			name = Products;
			sourceTree = "<group>";
		};
		6C2A496F23D4BBA60063D46A /* air_pollution */ = {
			isa = PBXGroup;
			children = (
				6C2A497023D4BBA60063D46A /* AppDelegate.swift */,
				6C2A497223D4BBA60063D46A /* SceneDelegate.swift */,
				6C2A497423D4BBA60063D46A /* ViewController.swift */,
				6C2A497623D4BBA60063D46A /* Main.storyboard */,
				6C2A497923D4BBAB0063D46A /* Assets.xcassets */,
				6C2A497B23D4BBAB0063D46A /* LaunchScreen.storyboard */,
				6C2A497E23D4BBAB0063D46A /* Info.plist */,
			);
			path = air_pollution;
			sourceTree = "<group>";
		};
/* End PBXGroup section */

/* Begin PBXNativeTarget section */
		6C2A496C23D4BBA60063D46A /* air_pollution */ = {
			isa = PBXNativeTarget;
			buildConfigurationList = 6C2A498123D4BBAB0063D46A /* Build configuration list for PBXNativeTarget "air_pollution" */;
			buildPhases = (
				6C2A496923D4BBA60063D46A /* Sources */,
				6C2A496A23D4BBA60063D46A /* Frameworks */,
				6C2A496B23D4BBA60063D46A /* Resources */,
			);
			buildRules = (
			);
			dependencies = (
			);
			name = air_pollution;
			productName = air_pollution;
			productReference = 6C2A496D23D4BBA60063D46A /* air_pollution.app */;
			productType = "com.apple.product-type.application";
		};
/* End PBXNativeTarget section */

/* Begin PBXProject section */
		6C2A496523D4BBA60063D46A /* Project object */ = {
			isa = PBXProject;
			attributes = {
				LastSwiftUpdateCheck = 1130;
				LastUpgradeCheck = 1130;
				ORGANIZATIONNAME = "M'haimdat omar";
				TargetAttributes = {
					6C2A496C23D4BBA60063D46A = {
						CreatedOnToolsVersion = 11.3;
					};
				};
			};
			buildConfigurationList = 6C2A496823D4BBA60063D46A /* Build configuration list for PBXProject "air_pollution" */;
			compatibilityVersion = "Xcode 9.3";
			developmentRegion = en;
			hasScannedForEncodings = 0;
			knownRegions = (
				en,
				Base,
			);
			mainGroup = 6C2A496423D4BBA60063D46A;
			productRefGroup = 6C2A496E23D4BBA60063D46A /* Products */;
			projectDirPath = "";
			projectRoot = "";
			targets = (
				6C2A496C23D4BBA60063D46A /* air_pollution */,
			);
		};
/* End PBXProject section */

/* Begin PBXResourcesBuildPhase section */
		6C2A496B23D4BBA60063D46A /* Resources */ = {
			isa = PBXResourcesBuildPhase;
			buildActionMask = 2147483647;
			files = (
				6C2A497D23D4BBAB0063D46A /* LaunchScreen.storyboard in Resources */,
				6C2A497A23D4BBAB0063D46A /* Assets.xcassets in Resources */,
				6C2A497823D4BBA60063D46A /* Main.storyboard in Resources */,
			);
			runOnlyForDeploymentPostprocessing = 0;
		};
/* End PBXResourcesBuildPhase section */

/* Begin PBXSourcesBuildPhase section */
		6C2A496923D4BBA60063D46A /* Sources */ = {
			isa = PBXSourcesBuildPhase;
			buildActionMask = 2147483647;
			files = (
				6C2A497523D4BBA60063D46A /* ViewController.swift in Sources */,
				6C2A497123D4BBA60063D46A /* AppDelegate.swift in Sources */,
				6C2A497323D4BBA60063D46A /* SceneDelegate.swift in Sources */,
			);
			runOnlyForDeploymentPostprocessing = 0;
		};
/* End PBXSourcesBuildPhase section */

/* Begin PBXVariantGroup section */
		6C2A497623D4BBA60063D46A /* Main.storyboard */ = {
			isa = PBXVariantGroup;
			children = (
				6C2A497723D4BBA60063D46A /* Base */,
			);
			name = Main.storyboard;
			sourceTree = "<group>";
		};
		6C2A497B23D4BBAB0063D46A /* LaunchScreen.storyboard */ = {
			isa = PBXVariantGroup;
			children = (
				6C2A497C23D4BBAB0063D46A /* Base */,
			);
			name = LaunchScreen.storyboard;
			sourceTree = "<group>";
		};
/* End PBXVariantGroup section */

/* Begin XCBuildConfiguration section */
		6C2A497F23D4BBAB0063D46A /* Debug */ = {
			isa = XCBuildConfiguration;
			buildSettings = {
				ALWAYS_SEARCH_USER_PATHS = NO;
				CLANG_ANALYZER_NONNULL = YES;
				CLANG_ANALYZER_NUMBER_OBJECT_CONVERSION = YES_AGGRESSIVE;
				CLANG_CXX_LANGUAGE_STANDARD = "gnu++14";
				CLANG_CXX_LIBRARY = "libc++";
				CLANG_ENABLE_MODULES = YES;
				CLANG_ENABLE_OBJC_ARC = YES;
				CLANG_ENABLE_OBJC_WEAK = YES;
				CLANG_WARN_BLOCK_CAPTURE_AUTORELEASING = YES;
				CLANG_WARN_BOOL_CONVERSION = YES;
				CLANG_WARN_COMMA = YES;
				CLANG_WARN_CONSTANT_CONVERSION = YES;
				CLANG_WARN_DEPRECATED_OBJC_IMPLEMENTATIONS = YES;
				CLANG_WARN_DIRECT_OBJC_ISA_USAGE = YES_ERROR;
				CLANG_WARN_DOCUMENTATION_COMMENTS = YES;
				CLANG_WARN_EMPTY_BODY = YES;
				CLANG_WARN_ENUM_CONVERSION = YES;
				CLANG_WARN_INFINITE_RECURSION = YES;
				CLANG_WARN_INT_CONVERSION = YES;
				CLANG_WARN_NON_LITERAL_NULL_CONVERSION = YES;
				CLANG_WARN_OBJC_IMPLICIT_RETAIN_SELF = YES;
				CLANG_WARN_OBJC_LITERAL_CONVERSION = YES;
				CLANG_WARN_OBJC_ROOT_CLASS = YES_ERROR;
				CLANG_WARN_RANGE_LOOP_ANALYSIS = YES;
				CLANG_WARN_STRICT_PROTOTYPES = YES;
				CLANG_WARN_SUSPICIOUS_MOVE = YES;
				CLANG_WARN_UNGUARDED_AVAILABILITY = YES_AGGRESSIVE;
				CLANG_WARN_UNREACHABLE_CODE = YES;
				CLANG_WARN__DUPLICATE_METHOD_MATCH = YES;
				COPY_PHASE_STRIP = NO;
				DEBUG_INFORMATION_FORMAT = dwarf;
				ENABLE_STRICT_OBJC_MSGSEND = YES;
				ENABLE_TESTABILITY = YES;
				GCC_C_LANGUAGE_STANDARD = gnu11;
				GCC_DYNAMIC_NO_PIC = NO;
				GCC_NO_COMMON_BLOCKS = YES;
				GCC_OPTIMIZATION_LEVEL = 0;
				GCC_PREPROCESSOR_DEFINITIONS = (
					"DEBUG=1",
					"$(inherited)",
				);
				GCC_WARN_64_TO_32_BIT_CONVERSION = YES;
				GCC_WARN_ABOUT_RETURN_TYPE = YES_ERROR;
				GCC_WARN_UNDECLARED_SELECTOR = YES;
				GCC_WARN_UNINITIALIZED_AUTOS = YES_AGGRESSIVE;
				GCC_WARN_UNUSED_FUNCTION = YES;
				GCC_WARN_UNUSED_VARIABLE = YES;
				IPHONEOS_DEPLOYMENT_TARGET = 13.2;
				MTL_ENABLE_DEBUG_INFO = INCLUDE_SOURCE;
				MTL_FAST_MATH = YES;
				ONLY_ACTIVE_ARCH = YES;
				SDKROOT = iphoneos;
				SWIFT_ACTIVE_COMPILATION_CONDITIONS = DEBUG;
				SWIFT_OPTIMIZATION_LEVEL = "-Onone";
			};
			name = Debug;
		};
		6C2A498023D4BBAB0063D46A /* Release */ = {
			isa = XCBuildConfiguration;
			buildSettings = {
				ALWAYS_SEARCH_USER_PATHS = NO;
				CLANG_ANALYZER_NONNULL = YES;
				CLANG_ANALYZER_NUMBER_OBJECT_CONVERSION = YES_AGGRESSIVE;
				CLANG_CXX_LANGUAGE_STANDARD = "gnu++14";
				CLANG_CXX_LIBRARY = "libc++";
				CLANG_ENABLE_MODULES = YES;
				CLANG_ENABLE_OBJC_ARC = YES;
				CLANG_ENABLE_OBJC_WEAK = YES;
				CLANG_WARN_BLOCK_CAPTURE_AUTORELEASING = YES;
				CLANG_WARN_BOOL_CONVERSION = YES;
				CLANG_WARN_COMMA = YES;
				CLANG_WARN_CONSTANT_CONVERSION = YES;
				CLANG_WARN_DEPRECATED_OBJC_IMPLEMENTATIONS = YES;
				CLANG_WARN_DIRECT_OBJC_ISA_USAGE = YES_ERROR;
				CLANG_WARN_DOCUMENTATION_COMMENTS = YES;
				CLANG_WARN_EMPTY_BODY = YES;
				CLANG_WARN_ENUM_CONVERSION = YES;
				CLANG_WARN_INFINITE_RECURSION = YES;
				CLANG_WARN_INT_CONVERSION = YES;
				CLANG_WARN_NON_LITERAL_NULL_CONVERSION = YES;
				CLANG_WARN_OBJC_IMPLICIT_RETAIN_SELF = YES;
				CLANG_WARN_OBJC_LITERAL_CONVERSION = YES;
				CLANG_WARN_OBJC_ROOT_CLASS = YES_ERROR;
				CLANG_WARN_RANGE_LOOP_ANALYSIS = YES;
				CLANG_WARN_STRICT_PROTOTYPES = YES;
				CLANG_WARN_SUSPICIOUS_MOVE = YES;
				CLANG_WARN_UNGUARDED_AVAILABILITY = YES_AGGRESSIVE;
				CLANG_WARN_UNREACHABLE_CODE = YES;
				CLANG_WARN__DUPLICATE_METHOD_MATCH = YES;
				COPY_PHASE_STRIP = NO;
				DEBUG_INFORMATION_FORMAT = "dwarf-with-dsym";
				ENABLE_NS_ASSERTIONS = NO;
				ENABLE_STRICT_OBJC_MSGSEND = YES;
				GCC_C_LANGUAGE_STANDARD = gnu11;
				GCC_NO_COMMON_BLOCKS = YES;
				GCC_WARN_64_TO_32_BIT_CONVERSION = YES;
				GCC_WARN_ABOUT_RETURN_TYPE = YES_ERROR;
				GCC_WARN_UNDECLARED_SELECTOR = YES;
				GCC_WARN_UNINITIALIZED_AUTOS = YES_AGGRESSIVE;
				GCC_WARN_UNUSED_FUNCTION = YES;
				GCC_WARN_UNUSED_VARIABLE = YES;
				IPHONEOS_DEPLOYMENT_TARGET = 13.2;
				MTL_ENABLE_DEBUG_INFO = NO;
				MTL_FAST_MATH = YES;
				SDKROOT = iphoneos;
				SWIFT_COMPILATION_MODE = wholemodule;
				SWIFT_OPTIMIZATION_LEVEL = "-O";
				VALIDATE_PRODUCT = YES;
			};
			name = Release;
		};
		6C2A498223D4BBAB0063D46A /* Debug */ = {
			isa = XCBuildConfiguration;
			buildSettings = {
				ASSETCATALOG_COMPILER_APPICON_NAME = AppIcon;
				CODE_SIGN_STYLE = Automatic;
				DEVELOPMENT_TEAM = KF6724J2G9;
				INFOPLIST_FILE = air_pollution/Info.plist;
				LD_RUNPATH_SEARCH_PATHS = (
					"$(inherited)",
					"@executable_path/Frameworks",
				);
				PRODUCT_BUNDLE_IDENTIFIER = "omar.air-pollution";
				PRODUCT_NAME = "$(TARGET_NAME)";
				SWIFT_VERSION = 5.0;
				TARGETED_DEVICE_FAMILY = "1,2";
			};
			name = Debug;
		};
		6C2A498323D4BBAB0063D46A /* Release */ = {
			isa = XCBuildConfiguration;
			buildSettings = {
				ASSETCATALOG_COMPILER_APPICON_NAME = AppIcon;
				CODE_SIGN_STYLE = Automatic;
				DEVELOPMENT_TEAM = KF6724J2G9;
				INFOPLIST_FILE = air_pollution/Info.plist;
				LD_RUNPATH_SEARCH_PATHS = (
					"$(inherited)",
					"@executable_path/Frameworks",
				);
				PRODUCT_BUNDLE_IDENTIFIER = "omar.air-pollution";
				PRODUCT_NAME = "$(TARGET_NAME)";
				SWIFT_VERSION = 5.0;
				TARGETED_DEVICE_FAMILY = "1,2";
			};
			name = Release;
		};
/* End XCBuildConfiguration section */

/* Begin XCConfigurationList section */
		6C2A496823D4BBA60063D46A /* Build configuration list for PBXProject "air_pollution" */ = {
			isa = XCConfigurationList;
			buildConfigurations = (
				6C2A497F23D4BBAB0063D46A /* Debug */,
				6C2A498023D4BBAB0063D46A /* Release */,
			);
			defaultConfigurationIsVisible = 0;
			defaultConfigurationName = Release;
		};
		6C2A498123D4BBAB0063D46A /* Build configuration list for PBXNativeTarget "air_pollution" */ = {
			isa = XCConfigurationList;
			buildConfigurations = (
				6C2A498223D4BBAB0063D46A /* Debug */,
				6C2A498323D4BBAB0063D46A /* Release */,
			);
			defaultConfigurationIsVisible = 0;
			defaultConfigurationName = Release;
		};
/* End XCConfigurationList section */
	};
	rootObject = 6C2A496523D4BBA60063D46A /* Project object */;
}
